
Microsoft Visual Studio Solution File, Format Version 12.00
# Visual Studio Version 17
VisualStudioVersion = 17.0.31903.59
MinimumVisualStudioVersion = 10.0.40219.1
Project("{FAE04EC0-301F-11D3-BF4B-00C04F79EFBC}") = "API", "API\API.csproj", "{DFE1BCDE-CA24-41A7-B28C-FA869B84EDEC}"
EndProject
Project("{FAE04EC0-301F-11D3-BF4B-00C04F79EFBC}") = "Core", "Core\Core.csproj", "{6070EDCE-A484-4513-91D9-4A31F9EED60F}"
EndProject
Project("{FAE04EC0-301F-11D3-BF4B-00C04F79EFBC}") = "Infrastructure", "Infrastructure\Infrastructure.csproj", "{339765F3-D72C-44D3-9AE6-9721D1A32626}"
EndProject
Global
	GlobalSection(SolutionConfigurationPlatforms) = preSolution
		Debug|Any CPU = Debug|Any CPU
		Release|Any CPU = Release|Any CPU
	EndGlobalSection
	GlobalSection(SolutionProperties) = preSolution
		HideSolutionNode = FALSE
	EndGlobalSection
	GlobalSection(ProjectConfigurationPlatforms) = postSolution
		{DFE1BCDE-CA24-41A7-B28C-FA869B84EDEC}.Debug|Any CPU.ActiveCfg = Debug|Any CPU
		{DFE1BCDE-CA24-41A7-B28C-FA869B84EDEC}.Debug|Any CPU.Build.0 = Debug|Any CPU
		{DFE1BCDE-CA24-41A7-B28C-FA869B84EDEC}.Release|Any CPU.ActiveCfg = Release|Any CPU
		{DFE1BCDE-CA24-41A7-B28C-FA869B84EDEC}.Release|Any CPU.Build.0 = Release|Any CPU
		{6070EDCE-A484-4513-91D9-4A31F9EED60F}.Debug|Any CPU.ActiveCfg = Debug|Any CPU
		{6070EDCE-A484-4513-91D9-4A31F9EED60F}.Debug|Any CPU.Build.0 = Debug|Any CPU
		{6070EDCE-A484-4513-91D9-4A31F9EED60F}.Release|Any CPU.ActiveCfg = Release|Any CPU
		{6070EDCE-A484-4513-91D9-4A31F9EED60F}.Release|Any CPU.Build.0 = Release|Any CPU
		{339765F3-D72C-44D3-9AE6-9721D1A32626}.Debug|Any CPU.ActiveCfg = Debug|Any CPU
		{339765F3-D72C-44D3-9AE6-9721D1A32626}.Debug|Any CPU.Build.0 = Debug|Any CPU
		{339765F3-D72C-44D3-9AE6-9721D1A32626}.Release|Any CPU.ActiveCfg = Release|Any CPU
		{339765F3-D72C-44D3-9AE6-9721D1A32626}.Release|Any CPU.Build.0 = Release|Any CPU
	EndGlobalSection
EndGlobal
